Microsoft Visual Studio Solution File, Format Version 12.00
# Visual Studio Version 17
VisualStudioVersion = 17.5.2.0
MinimumVisualStudioVersion = 10.0.40219.1
Project("{FAE04EC0-301F-11D3-BF4B-00C04F79EFBC}") = "WebAPI.Demo", "WebAPI.Demo.csproj", "{0FC40797-A7C0-E1E1-FDA9-9145D3B8A49A}"
EndProject
Global
	GlobalSection(SolutionConfigurationPlatforms) = preSolution
		Debug|Any CPU = Debug|Any CPU
		Release|Any CPU = Release|Any CPU
	EndGlobalSection
	GlobalSection(ProjectConfigurationPlatforms) = postSolution
		{0FC40797-A7C0-E1E1-FDA9-9145D3B8A49A}.Debug|Any CPU.ActiveCfg = Debug|Any CPU
		{0FC40797-A7C0-E1E1-FDA9-9145D3B8A49A}.Debug|Any CPU.Build.0 = Debug|Any CPU
		{0FC40797-A7C0-E1E1-FDA9-9145D3B8A49A}.Release|Any CPU.ActiveCfg = Release|Any CPU
		{0FC40797-A7C0-E1E1-FDA9-9145D3B8A49A}.Release|Any CPU.Build.0 = Release|Any CPU
	EndGlobalSection
	GlobalSection(SolutionProperties) = preSolution
		HideSolutionNode = FALSE
	EndGlobalSection
	GlobalSection(ExtensibilityGlobals) = postSolution
		SolutionGuid = {9D96758D-C09A-449F-ACCB-E2FD473F1FE2}
	EndGlobalSection
EndGlobal
